
Microsoft Visual Studio Solution File, Format Version 12.00
# Visual Studio Version 16
VisualStudioVersion = 16.0.31229.75
MinimumVisualStudioVersion = 10.0.40219.1
Project("{FAE04EC0-301F-11D3-BF4B-00C04F79EFBC}") = "Tate_Electrical", "Tate_Electrical\Tate_Electrical.csproj", "{D8B03836-2A3C-4E18-A385-F0DBBCA0457B}"
EndProject
Global
	GlobalSection(SolutionConfigurationPlatforms) = preSolution
		Debug|Any CPU = Debug|Any CPU
		Release|Any CPU = Release|Any CPU
	EndGlobalSection
	GlobalSection(ProjectConfigurationPlatforms) = postSolution
		{D8B03836-2A3C-4E18-A385-F0DBBCA0457B}.Debug|Any CPU.ActiveCfg = Debug|Any CPU
		{D8B03836-2A3C-4E18-A385-F0DBBCA0457B}.Debug|Any CPU.Build.0 = Debug|Any CPU
		{D8B03836-2A3C-4E18-A385-F0DBBCA0457B}.Release|Any CPU.ActiveCfg = Release|Any CPU
		{D8B03836-2A3C-4E18-A385-F0DBBCA0457B}.Release|Any CPU.Build.0 = Release|Any CPU
	EndGlobalSection
	GlobalSection(SolutionProperties) = preSolution
		HideSolutionNode = FALSE
	EndGlobalSection
	GlobalSection(ExtensibilityGlobals) = postSolution
		SolutionGuid = {99F94FF4-7E0B-4B08-8A54-273FCF9F083C}
	EndGlobalSection
EndGlobal
